
Microsoft Visual Studio Solution File, Format Version 12.00
# Visual Studio 14
VisualStudioVersion = 14.0.25420.1
MinimumVisualStudioVersion = 10.0.40219.1
Project("{FAE04EC0-301F-11D3-BF4B-00C04F79EFBC}") = "Widgets.NG2", "Widgets.NG2\Widgets.NG2.csproj", "{A5624430-E56B-430B-B3AA-BA9ADF82F757}"
EndProject
Project("{FAE04EC0-301F-11D3-BF4B-00C04F79EFBC}") = "Widgets.WEB", "Widgets.WEB\Widgets.WEB.csproj", "{B0EADF3A-317E-46AE-9A33-5DAA505CA90E}"
EndProject
Global
	GlobalSection(SolutionConfigurationPlatforms) = preSolution
		Debug|Any CPU = Debug|Any CPU
		Release|Any CPU = Release|Any CPU
	EndGlobalSection
	GlobalSection(ProjectConfigurationPlatforms) = postSolution
		{A5624430-E56B-430B-B3AA-BA9ADF82F757}.Debug|Any CPU.ActiveCfg = Debug|Any CPU
		{A5624430-E56B-430B-B3AA-BA9ADF82F757}.Debug|Any CPU.Build.0 = Debug|Any CPU
		{A5624430-E56B-430B-B3AA-BA9ADF82F757}.Release|Any CPU.ActiveCfg = Release|Any CPU
		{A5624430-E56B-430B-B3AA-BA9ADF82F757}.Release|Any CPU.Build.0 = Release|Any CPU
		{B0EADF3A-317E-46AE-9A33-5DAA505CA90E}.Debug|Any CPU.ActiveCfg = Debug|Any CPU
		{B0EADF3A-317E-46AE-9A33-5DAA505CA90E}.Debug|Any CPU.Build.0 = Debug|Any CPU
		{B0EADF3A-317E-46AE-9A33-5DAA505CA90E}.Release|Any CPU.ActiveCfg = Release|Any CPU
		{B0EADF3A-317E-46AE-9A33-5DAA505CA90E}.Release|Any CPU.Build.0 = Release|Any CPU
	EndGlobalSection
	GlobalSection(SolutionProperties) = preSolution
		HideSolutionNode = FALSE
	EndGlobalSection
EndGlobal
